
Microsoft Visual Studio Solution File, Format Version 12.00
# Visual Studio Version 16
VisualStudioVersion = 16.0.30413.136
MinimumVisualStudioVersion = 10.0.40219.1
Project("{FAE04EC0-301F-11D3-BF4B-00C04F79EFBC}") = "QuizPedroChaparro", "QuizPedroChaparro.csproj", "{468038C2-E127-438C-A0A5-AC4C2A4B6880}"
EndProject
Global
	GlobalSection(SolutionConfigurationPlatforms) = preSolution
		Debug|Any CPU = Debug|Any CPU
		Release|Any CPU = Release|Any CPU
	EndGlobalSection
	GlobalSection(ProjectConfigurationPlatforms) = postSolution
		{468038C2-E127-438C-A0A5-AC4C2A4B6880}.Debug|Any CPU.ActiveCfg = Debug|Any CPU
		{468038C2-E127-438C-A0A5-AC4C2A4B6880}.Debug|Any CPU.Build.0 = Debug|Any CPU
		{468038C2-E127-438C-A0A5-AC4C2A4B6880}.Release|Any CPU.ActiveCfg = Release|Any CPU
		{468038C2-E127-438C-A0A5-AC4C2A4B6880}.Release|Any CPU.Build.0 = Release|Any CPU
	EndGlobalSection
	GlobalSection(SolutionProperties) = preSolution
		HideSolutionNode = FALSE
	EndGlobalSection
	GlobalSection(ExtensibilityGlobals) = postSolution
		SolutionGuid = {719A971F-517C-42D2-9780-8BF6025D98CF}
	EndGlobalSection
EndGlobal
